// !$*UTF8*$!
{
	archiveVersion = 1;
	classes = {
	};
	objectVersion = 50;
	objects = {

/* Begin PBXBuildFile section */
		BDCE01E1265DDAAF00AD3DF5 /* MusicApp.swift in Sources */ = {isa = PBXBuildFile; fileRef = BDCE01E0265DDAAF00AD3DF5 /* MusicApp.swift */; };
		BDCE01E3265DDAAF00AD3DF5 /* ContentView.swift in Sources */ = {isa = PBXBuildFile; fileRef = BDCE01E2265DDAAF00AD3DF5 /* ContentView.swift */; };
		BDCE01E5265DDAB200AD3DF5 /* Assets.xcassets in Resources */ = {isa = PBXBuildFile; fileRef = BDCE01E4265DDAB200AD3DF5 /* Assets.xcassets */; };
		BDCE01E8265DDAB200AD3DF5 /* Preview Assets.xcassets in Resources */ = {isa = PBXBuildFile; fileRef = BDCE01E7265DDAB200AD3DF5 /* Preview Assets.xcassets */; };
		BDCE01F3265DDAB200AD3DF5 /* MusicTests.swift in Sources */ = {isa = PBXBuildFile; fileRef = BDCE01F2265DDAB200AD3DF5 /* MusicTests.swift */; };
		BDCE01FE265DDAB200AD3DF5 /* MusicUITests.swift in Sources */ = {isa = PBXBuildFile; fileRef = BDCE01FD265DDAB200AD3DF5 /* MusicUITests.swift */; };
/* End PBXBuildFile section */

/* Begin PBXContainerItemProxy section */
		BDCE01EF265DDAB200AD3DF5 /* PBXContainerItemProxy */ = {
			isa = PBXContainerItemProxy;
			containerPortal = BDCE01D5265DDAAF00AD3DF5 /* Project object */;
			proxyType = 1;
			remoteGlobalIDString = BDCE01DC265DDAAF00AD3DF5;
			remoteInfo = Music;
		};
		BDCE01FA265DDAB200AD3DF5 /* PBXContainerItemProxy */ = {
			isa = PBXContainerItemProxy;
			containerPortal = BDCE01D5265DDAAF00AD3DF5 /* Project object */;
			proxyType = 1;
			remoteGlobalIDString = BDCE01DC265DDAAF00AD3DF5;
			remoteInfo = Music;
		};
/* End PBXContainerItemProxy section */

/* Begin PBXFileReference section */
		BDCE01DD265DDAAF00AD3DF5 /* Music.app */ = {isa = PBXFileReference; explicitFileType = wrapper.application; includeInIndex = 0; path = Music.app; sourceTree = BUILT_PRODUCTS_DIR; };
		BDCE01E0265DDAAF00AD3DF5 /* MusicApp.swift */ = {isa = PBXFileReference; lastKnownFileType = sourcecode.swift; path = MusicApp.swift; sourceTree = "<group>"; };
		BDCE01E2265DDAAF00AD3DF5 /* ContentView.swift */ = {isa = PBXFileReference; lastKnownFileType = sourcecode.swift; path = ContentView.swift; sourceTree = "<group>"; };
		BDCE01E4265DDAB200AD3DF5 /* Assets.xcassets */ = {isa = PBXFileReference; lastKnownFileType = folder.assetcatalog; path = Assets.xcassets; sourceTree = "<group>"; };
		BDCE01E7265DDAB200AD3DF5 /* Preview Assets.xcassets */ = {isa = PBXFileReference; lastKnownFileType = folder.assetcatalog; path = "Preview Assets.xcassets"; sourceTree = "<group>"; };
		BDCE01E9265DDAB200AD3DF5 /* Info.plist */ = {isa = PBXFileReference; lastKnownFileType = text.plist.xml; path = Info.plist; sourceTree = "<group>"; };
		BDCE01EE265DDAB200AD3DF5 /* MusicTests.xctest */ = {isa = PBXFileReference; explicitFileType = wrapper.cfbundle; includeInIndex = 0; path = MusicTests.xctest; sourceTree = BUILT_PRODUCTS_DIR; };
		BDCE01F2265DDAB200AD3DF5 /* MusicTests.swift */ = {isa = PBXFileReference; lastKnownFileType = sourcecode.swift; path = MusicTests.swift; sourceTree = "<group>"; };
		BDCE01F4265DDAB200AD3DF5 /* Info.plist */ = {isa = PBXFileReference; lastKnownFileType = text.plist.xml; path = Info.plist; sourceTree = "<group>"; };
		BDCE01F9265DDAB200AD3DF5 /* MusicUITests.xctest */ = {isa = PBXFileReference; explicitFileType = wrapper.cfbundle; includeInIndex = 0; path = MusicUITests.xctest; sourceTree = BUILT_PRODUCTS_DIR; };
		BDCE01FD265DDAB200AD3DF5 /* MusicUITests.swift */ = {isa = PBXFileReference; lastKnownFileType = sourcecode.swift; path = MusicUITests.swift; sourceTree = "<group>"; };
		BDCE01FF265DDAB200AD3DF5 /* Info.plist */ = {isa = PBXFileReference; lastKnownFileType = text.plist.xml; path = Info.plist; sourceTree = "<group>"; };
/* End PBXFileReference section */

/* Begin PBXFrameworksBuildPhase section */
		BDCE01DA265DDAAF00AD3DF5 /* Frameworks */ = {
			isa = PBXFrameworksBuildPhase;
			buildActionMask = 2147483647;
			files = (
			);
			runOnlyForDeploymentPostprocessing = 0;
		};
		BDCE01EB265DDAB200AD3DF5 /* Frameworks */ = {
			isa = PBXFrameworksBuildPhase;
			buildActionMask = 2147483647;
			files = (
			);
			runOnlyForDeploymentPostprocessing = 0;
		};
		BDCE01F6265DDAB200AD3DF5 /* Frameworks */ = {
			isa = PBXFrameworksBuildPhase;
			buildActionMask = 2147483647;
			files = (
			);
			runOnlyForDeploymentPostprocessing = 0;
		};
/* End PBXFrameworksBuildPhase section */

/* Begin PBXGroup section */
		BDCE01D4265DDAAF00AD3DF5 = {
			isa = PBXGroup;
			children = (
				BDCE01DF265DDAAF00AD3DF5 /* Music */,
				BDCE01F1265DDAB200AD3DF5 /* MusicTests */,
				BDCE01FC265DDAB200AD3DF5 /* MusicUITests */,
				BDCE01DE265DDAAF00AD3DF5 /* Products */,
			);
			sourceTree = "<group>";
		};
		BDCE01DE265DDAAF00AD3DF5 /* Products */ = {
			isa = PBXGroup;
			children = (
				BDCE01DD265DDAAF00AD3DF5 /* Music.app */,
				BDCE01EE265DDAB200AD3DF5 /* MusicTests.xctest */,
				BDCE01F9265DDAB200AD3DF5 /* MusicUITests.xctest */,
			);
			name = Products;
			sourceTree = "<group>";
		};
		BDCE01DF265DDAAF00AD3DF5 /* Music */ = {
			isa = PBXGroup;
			children = (
				BDCE01E0265DDAAF00AD3DF5 /* MusicApp.swift */,
				BDCE01E2265DDAAF00AD3DF5 /* ContentView.swift */,
				BDCE01E4265DDAB200AD3DF5 /* Assets.xcassets */,
				BDCE01E9265DDAB200AD3DF5 /* Info.plist */,
				BDCE01E6265DDAB200AD3DF5 /* Preview Content */,
			);
			path = Music;
			sourceTree = "<group>";
		};
		BDCE01E6265DDAB200AD3DF5 /* Preview Content */ = {
			isa = PBXGroup;
			children = (
				BDCE01E7265DDAB200AD3DF5 /* Preview Assets.xcassets */,
			);
			path = "Preview Content";
			sourceTree = "<group>";
		};
		BDCE01F1265DDAB200AD3DF5 /* MusicTests */ = {
			isa = PBXGroup;
			children = (
				BDCE01F2265DDAB200AD3DF5 /* MusicTests.swift */,
				BDCE01F4265DDAB200AD3DF5 /* Info.plist */,
			);
			path = MusicTests;
			sourceTree = "<group>";
		};
		BDCE01FC265DDAB200AD3DF5 /* MusicUITests */ = {
			isa = PBXGroup;
			children = (
				BDCE01FD265DDAB200AD3DF5 /* MusicUITests.swift */,
				BDCE01FF265DDAB200AD3DF5 /* Info.plist */,
			);
			path = MusicUITests;
			sourceTree = "<group>";
		};
/* End PBXGroup section */

/* Begin PBXNativeTarget section */
		BDCE01DC265DDAAF00AD3DF5 /* Music */ = {
			isa = PBXNativeTarget;
			buildConfigurationList = BDCE0202265DDAB200AD3DF5 /* Build configuration list for PBXNativeTarget "Music" */;
			buildPhases = (
				BDCE01D9265DDAAF00AD3DF5 /* Sources */,
				BDCE01DA265DDAAF00AD3DF5 /* Frameworks */,
				BDCE01DB265DDAAF00AD3DF5 /* Resources */,
			);
			buildRules = (
			);
			dependencies = (
			);
			name = Music;
			productName = Music;
			productReference = BDCE01DD265DDAAF00AD3DF5 /* Music.app */;
			productType = "com.apple.product-type.application";
		};
		BDCE01ED265DDAB200AD3DF5 /* MusicTests */ = {
			isa = PBXNativeTarget;
			buildConfigurationList = BDCE0205265DDAB200AD3DF5 /* Build configuration list for PBXNativeTarget "MusicTests" */;
			buildPhases = (
				BDCE01EA265DDAB200AD3DF5 /* Sources */,
				BDCE01EB265DDAB200AD3DF5 /* Frameworks */,
				BDCE01EC265DDAB200AD3DF5 /* Resources */,
			);
			buildRules = (
			);
			dependencies = (
				BDCE01F0265DDAB200AD3DF5 /* PBXTargetDependency */,
			);
			name = MusicTests;
			productName = MusicTests;
			productReference = BDCE01EE265DDAB200AD3DF5 /* MusicTests.xctest */;
			productType = "com.apple.product-type.bundle.unit-test";
		};
		BDCE01F8265DDAB200AD3DF5 /* MusicUITests */ = {
			isa = PBXNativeTarget;
			buildConfigurationList = BDCE0208265DDAB200AD3DF5 /* Build configuration list for PBXNativeTarget "MusicUITests" */;
			buildPhases = (
				BDCE01F5265DDAB200AD3DF5 /* Sources */,
				BDCE01F6265DDAB200AD3DF5 /* Frameworks */,
				BDCE01F7265DDAB200AD3DF5 /* Resources */,
			);
			buildRules = (
			);
			dependencies = (
				BDCE01FB265DDAB200AD3DF5 /* PBXTargetDependency */,
			);
			name = MusicUITests;
			productName = MusicUITests;
			productReference = BDCE01F9265DDAB200AD3DF5 /* MusicUITests.xctest */;
			productType = "com.apple.product-type.bundle.ui-testing";
		};
/* End PBXNativeTarget section */

/* Begin PBXProject section */
		BDCE01D5265DDAAF00AD3DF5 /* Project object */ = {
			isa = PBXProject;
			attributes = {
				LastSwiftUpdateCheck = 1250;
				LastUpgradeCheck = 1250;
				TargetAttributes = {
					BDCE01DC265DDAAF00AD3DF5 = {
						CreatedOnToolsVersion = 12.5;
					};
					BDCE01ED265DDAB200AD3DF5 = {
						CreatedOnToolsVersion = 12.5;
						TestTargetID = BDCE01DC265DDAAF00AD3DF5;
					};
					BDCE01F8265DDAB200AD3DF5 = {
						CreatedOnToolsVersion = 12.5;
						TestTargetID = BDCE01DC265DDAAF00AD3DF5;
					};
				};
			};
			buildConfigurationList = BDCE01D8265DDAAF00AD3DF5 /* Build configuration list for PBXProject "Music" */;
			compatibilityVersion = "Xcode 9.3";
			developmentRegion = en;
			hasScannedForEncodings = 0;
			knownRegions = (
				en,
				Base,
			);
			mainGroup = BDCE01D4265DDAAF00AD3DF5;
			productRefGroup = BDCE01DE265DDAAF00AD3DF5 /* Products */;
			projectDirPath = "";
			projectRoot = "";
			targets = (
				BDCE01DC265DDAAF00AD3DF5 /* Music */,
				BDCE01ED265DDAB200AD3DF5 /* MusicTests */,
				BDCE01F8265DDAB200AD3DF5 /* MusicUITests */,
			);
		};
/* End PBXProject section */

/* Begin PBXResourcesBuildPhase section */
		BDCE01DB265DDAAF00AD3DF5 /* Resources */ = {
			isa = PBXResourcesBuildPhase;
			buildActionMask = 2147483647;
			files = (
				BDCE01E8265DDAB200AD3DF5 /* Preview Assets.xcassets in Resources */,
				BDCE01E5265DDAB200AD3DF5 /* Assets.xcassets in Resources */,
			);
			runOnlyForDeploymentPostprocessing = 0;
		};
		BDCE01EC265DDAB200AD3DF5 /* Resources */ = {
			isa = PBXResourcesBuildPhase;
			buildActionMask = 2147483647;
			files = (
			);
			runOnlyForDeploymentPostprocessing = 0;
		};
		BDCE01F7265DDAB200AD3DF5 /* Resources */ = {
			isa = PBXResourcesBuildPhase;
			buildActionMask = 2147483647;
			files = (
			);
			runOnlyForDeploymentPostprocessing = 0;
		};
/* End PBXResourcesBuildPhase section */

/* Begin PBXSourcesBuildPhase section */
		BDCE01D9265DDAAF00AD3DF5 /* Sources */ = {
			isa = PBXSourcesBuildPhase;
			buildActionMask = 2147483647;
			files = (
				BDCE01E3265DDAAF00AD3DF5 /* ContentView.swift in Sources */,
				BDCE01E1265DDAAF00AD3DF5 /* MusicApp.swift in Sources */,
			);
			runOnlyForDeploymentPostprocessing = 0;
		};
		BDCE01EA265DDAB200AD3DF5 /* Sources */ = {
			isa = PBXSourcesBuildPhase;
			buildActionMask = 2147483647;
			files = (
				BDCE01F3265DDAB200AD3DF5 /* MusicTests.swift in Sources */,
			);
			runOnlyForDeploymentPostprocessing = 0;
		};
		BDCE01F5265DDAB200AD3DF5 /* Sources */ = {
			isa = PBXSourcesBuildPhase;
			buildActionMask = 2147483647;
			files = (
				BDCE01FE265DDAB200AD3DF5 /* MusicUITests.swift in Sources */,
			);
			runOnlyForDeploymentPostprocessing = 0;
		};
/* End PBXSourcesBuildPhase section */

/* Begin PBXTargetDependency section */
		BDCE01F0265DDAB200AD3DF5 /* PBXTargetDependency */ = {
			isa = PBXTargetDependency;
			target = BDCE01DC265DDAAF00AD3DF5 /* Music */;
			targetProxy = BDCE01EF265DDAB200AD3DF5 /* PBXContainerItemProxy */;
		};
		BDCE01FB265DDAB200AD3DF5 /* PBXTargetDependency */ = {
			isa = PBXTargetDependency;
			target = BDCE01DC265DDAAF00AD3DF5 /* Music */;
			targetProxy = BDCE01FA265DDAB200AD3DF5 /* PBXContainerItemProxy */;
		};
/* End PBXTargetDependency section */

/* Begin XCBuildConfiguration section */
		BDCE0200265DDAB200AD3DF5 /* Debug */ = {
			isa = XCBuildConfiguration;
			buildSettings = {
				ALWAYS_SEARCH_USER_PATHS = NO;
				CLANG_ANALYZER_NONNULL = YES;
				CLANG_ANALYZER_NUMBER_OBJECT_CONVERSION = YES_AGGRESSIVE;
				CLANG_CXX_LANGUAGE_STANDARD = "gnu++14";
				CLANG_CXX_LIBRARY = "libc++";
				CLANG_ENABLE_MODULES = YES;
				CLANG_ENABLE_OBJC_ARC = YES;
				CLANG_ENABLE_OBJC_WEAK = YES;
				CLANG_WARN_BLOCK_CAPTURE_AUTORELEASING = YES;
				CLANG_WARN_BOOL_CONVERSION = YES;
				CLANG_WARN_COMMA = YES;
				CLANG_WARN_CONSTANT_CONVERSION = YES;
				CLANG_WARN_DEPRECATED_OBJC_IMPLEMENTATIONS = YES;
				CLANG_WARN_DIRECT_OBJC_ISA_USAGE = YES_ERROR;
				CLANG_WARN_DOCUMENTATION_COMMENTS = YES;
				CLANG_WARN_EMPTY_BODY = YES;
				CLANG_WARN_ENUM_CONVERSION = YES;
				CLANG_WARN_INFINITE_RECURSION = YES;
				CLANG_WARN_INT_CONVERSION = YES;
				CLANG_WARN_NON_LITERAL_NULL_CONVERSION = YES;
				CLANG_WARN_OBJC_IMPLICIT_RETAIN_SELF = YES;
				CLANG_WARN_OBJC_LITERAL_CONVERSION = YES;
				CLANG_WARN_OBJC_ROOT_CLASS = YES_ERROR;
				CLANG_WARN_QUOTED_INCLUDE_IN_FRAMEWORK_HEADER = YES;
				CLANG_WARN_RANGE_LOOP_ANALYSIS = YES;
				CLANG_WARN_STRICT_PROTOTYPES = YES;
				CLANG_WARN_SUSPICIOUS_MOVE = YES;
				CLANG_WARN_UNGUARDED_AVAILABILITY = YES_AGGRESSIVE;
				CLANG_WARN_UNREACHABLE_CODE = YES;
				CLANG_WARN__DUPLICATE_METHOD_MATCH = YES;
				COPY_PHASE_STRIP = NO;
				DEBUG_INFORMATION_FORMAT = dwarf;
				ENABLE_STRICT_OBJC_MSGSEND = YES;
				ENABLE_TESTABILITY = YES;
				GCC_C_LANGUAGE_STANDARD = gnu11;
				GCC_DYNAMIC_NO_PIC = NO;
				GCC_NO_COMMON_BLOCKS = YES;
				GCC_OPTIMIZATION_LEVEL = 0;
				GCC_PREPROCESSOR_DEFINITIONS = (
					"DEBUG=1",
					"$(inherited)",
				);
				GCC_WARN_64_TO_32_BIT_CONVERSION = YES;
				GCC_WARN_ABOUT_RETURN_TYPE = YES_ERROR;
				GCC_WARN_UNDECLARED_SELECTOR = YES;
				GCC_WARN_UNINITIALIZED_AUTOS = YES_AGGRESSIVE;
				GCC_WARN_UNUSED_FUNCTION = YES;
				GCC_WARN_UNUSED_VARIABLE = YES;
				IPHONEOS_DEPLOYMENT_TARGET = 14.5;
				MTL_ENABLE_DEBUG_INFO = INCLUDE_SOURCE;
				MTL_FAST_MATH = YES;
				ONLY_ACTIVE_ARCH = YES;
				SDKROOT = iphoneos;
				SWIFT_ACTIVE_COMPILATION_CONDITIONS = DEBUG;
				SWIFT_OPTIMIZATION_LEVEL = "-Onone";
			};
			name = Debug;
		};
		BDCE0201265DDAB200AD3DF5 /* Release */ = {
			isa = XCBuildConfiguration;
			buildSettings = {
				ALWAYS_SEARCH_USER_PATHS = NO;
				CLANG_ANALYZER_NONNULL = YES;
				CLANG_ANALYZER_NUMBER_OBJECT_CONVERSION = YES_AGGRESSIVE;
				CLANG_CXX_LANGUAGE_STANDARD = "gnu++14";
				CLANG_CXX_LIBRARY = "libc++";
				CLANG_ENABLE_MODULES = YES;
				CLANG_ENABLE_OBJC_ARC = YES;
				CLANG_ENABLE_OBJC_WEAK = YES;
				CLANG_WARN_BLOCK_CAPTURE_AUTORELEASING = YES;
				CLANG_WARN_BOOL_CONVERSION = YES;
				CLANG_WARN_COMMA = YES;
				CLANG_WARN_CONSTANT_CONVERSION = YES;
				CLANG_WARN_DEPRECATED_OBJC_IMPLEMENTATIONS = YES;
				CLANG_WARN_DIRECT_OBJC_ISA_USAGE = YES_ERROR;
				CLANG_WARN_DOCUMENTATION_COMMENTS = YES;
				CLANG_WARN_EMPTY_BODY = YES;
				CLANG_WARN_ENUM_CONVERSION = YES;
				CLANG_WARN_INFINITE_RECURSION = YES;
				CLANG_WARN_INT_CONVERSION = YES;
				CLANG_WARN_NON_LITERAL_NULL_CONVERSION = YES;
				CLANG_WARN_OBJC_IMPLICIT_RETAIN_SELF = YES;
				CLANG_WARN_OBJC_LITERAL_CONVERSION = YES;
				CLANG_WARN_OBJC_ROOT_CLASS = YES_ERROR;
				CLANG_WARN_QUOTED_INCLUDE_IN_FRAMEWORK_HEADER = YES;
				CLANG_WARN_RANGE_LOOP_ANALYSIS = YES;
				CLANG_WARN_STRICT_PROTOTYPES = YES;
				CLANG_WARN_SUSPICIOUS_MOVE = YES;
				CLANG_WARN_UNGUARDED_AVAILABILITY = YES_AGGRESSIVE;
				CLANG_WARN_UNREACHABLE_CODE = YES;
				CLANG_WARN__DUPLICATE_METHOD_MATCH = YES;
				COPY_PHASE_STRIP = NO;
				DEBUG_INFORMATION_FORMAT = "dwarf-with-dsym";
				ENABLE_NS_ASSERTIONS = NO;
				ENABLE_STRICT_OBJC_MSGSEND = YES;
				GCC_C_LANGUAGE_STANDARD = gnu11;
				GCC_NO_COMMON_BLOCKS = YES;
				GCC_WARN_64_TO_32_BIT_CONVERSION = YES;
				GCC_WARN_ABOUT_RETURN_TYPE = YES_ERROR;
				GCC_WARN_UNDECLARED_SELECTOR = YES;
				GCC_WARN_UNINITIALIZED_AUTOS = YES_AGGRESSIVE;
				GCC_WARN_UNUSED_FUNCTION = YES;
				GCC_WARN_UNUSED_VARIABLE = YES;
				IPHONEOS_DEPLOYMENT_TARGET = 14.5;
				MTL_ENABLE_DEBUG_INFO = NO;
				MTL_FAST_MATH = YES;
				SDKROOT = iphoneos;
				SWIFT_COMPILATION_MODE = wholemodule;
				SWIFT_OPTIMIZATION_LEVEL = "-O";
				VALIDATE_PRODUCT = YES;
			};
			name = Release;
		};
		BDCE0203265DDAB200AD3DF5 /* Debug */ = {
			isa = XCBuildConfiguration;
			buildSettings = {
				ASSETCATALOG_COMPILER_APPICON_NAME = AppIcon;
				ASSETCATALOG_COMPILER_GLOBAL_ACCENT_COLOR_NAME = AccentColor;
				CODE_SIGN_STYLE = Automatic;
				DEVELOPMENT_ASSET_PATHS = "\"Music/Preview Content\"";
				ENABLE_PREVIEWS = YES;
				INFOPLIST_FILE = Music/Info.plist;
				IPHONEOS_DEPLOYMENT_TARGET = 14.0;
				LD_RUNPATH_SEARCH_PATHS = (
					"$(inherited)",
					"@executable_path/Frameworks",
				);
				PRODUCT_BUNDLE_IDENTIFIER = "com.data-in-model-out.Music";
				PRODUCT_NAME = "$(TARGET_NAME)";
				SWIFT_VERSION = 5.0;
				TARGETED_DEVICE_FAMILY = "1,2";
			};
			name = Debug;
		};
		BDCE0204265DDAB200AD3DF5 /* Release */ = {
			isa = XCBuildConfiguration;
			buildSettings = {
				ASSETCATALOG_COMPILER_APPICON_NAME = AppIcon;
				ASSETCATALOG_COMPILER_GLOBAL_ACCENT_COLOR_NAME = AccentColor;
				CODE_SIGN_STYLE = Automatic;
				DEVELOPMENT_ASSET_PATHS = "\"Music/Preview Content\"";
				ENABLE_PREVIEWS = YES;
				INFOPLIST_FILE = Music/Info.plist;
				IPHONEOS_DEPLOYMENT_TARGET = 14.0;
				LD_RUNPATH_SEARCH_PATHS = (
					"$(inherited)",
					"@executable_path/Frameworks",
				);
				PRODUCT_BUNDLE_IDENTIFIER = "com.data-in-model-out.Music";
				PRODUCT_NAME = "$(TARGET_NAME)";
				SWIFT_VERSION = 5.0;
				TARGETED_DEVICE_FAMILY = "1,2";
			};
			name = Release;
		};
		BDCE0206265DDAB200AD3DF5 /* Debug */ = {
			isa = XCBuildConfiguration;
			buildSettings = {
				ALWAYS_EMBED_SWIFT_STANDARD_LIBRARIES = YES;
				BUNDLE_LOADER = "$(TEST_HOST)";
				CODE_SIGN_STYLE = Automatic;
				INFOPLIST_FILE = MusicTests/Info.plist;
				IPHONEOS_DEPLOYMENT_TARGET = 14.0;
				LD_RUNPATH_SEARCH_PATHS = (
					"$(inherited)",
					"@executable_path/Frameworks",
					"@loader_path/Frameworks",
				);
				PRODUCT_BUNDLE_IDENTIFIER = "com.data-in-model-out.MusicTests";
				PRODUCT_NAME = "$(TARGET_NAME)";
				SWIFT_VERSION = 5.0;
				TARGETED_DEVICE_FAMILY = "1,2";
				TEST_HOST = "$(BUILT_PRODUCTS_DIR)/Music.app/Music";
			};
			name = Debug;
		};
		BDCE0207265DDAB200AD3DF5 /* Release */ = {
			isa = XCBuildConfiguration;
			buildSettings = {
				ALWAYS_EMBED_SWIFT_STANDARD_LIBRARIES = YES;
				BUNDLE_LOADER = "$(TEST_HOST)";
				CODE_SIGN_STYLE = Automatic;
				INFOPLIST_FILE = MusicTests/Info.plist;
				IPHONEOS_DEPLOYMENT_TARGET = 14.0;
				LD_RUNPATH_SEARCH_PATHS = (
					"$(inherited)",
					"@executable_path/Frameworks",
					"@loader_path/Frameworks",
				);
				PRODUCT_BUNDLE_IDENTIFIER = "com.data-in-model-out.MusicTests";
				PRODUCT_NAME = "$(TARGET_NAME)";
				SWIFT_VERSION = 5.0;
				TARGETED_DEVICE_FAMILY = "1,2";
				TEST_HOST = "$(BUILT_PRODUCTS_DIR)/Music.app/Music";
			};
			name = Release;
		};
		BDCE0209265DDAB200AD3DF5 /* Debug */ = {
			isa = XCBuildConfiguration;
			buildSettings = {
				ALWAYS_EMBED_SWIFT_STANDARD_LIBRARIES = YES;
				CODE_SIGN_STYLE = Automatic;
				INFOPLIST_FILE = MusicUITests/Info.plist;
				LD_RUNPATH_SEARCH_PATHS = (
					"$(inherited)",
					"@executable_path/Frameworks",
					"@loader_path/Frameworks",
				);
				PRODUCT_BUNDLE_IDENTIFIER = "com.data-in-model-out.MusicUITests";
				PRODUCT_NAME = "$(TARGET_NAME)";
				SWIFT_VERSION = 5.0;
				TARGETED_DEVICE_FAMILY = "1,2";
				TEST_TARGET_NAME = Music;
			};
			name = Debug;
		};
		BDCE020A265DDAB200AD3DF5 /* Release */ = {
			isa = XCBuildConfiguration;
			buildSettings = {
				ALWAYS_EMBED_SWIFT_STANDARD_LIBRARIES = YES;
				CODE_SIGN_STYLE = Automatic;
				INFOPLIST_FILE = MusicUITests/Info.plist;
				LD_RUNPATH_SEARCH_PATHS = (
					"$(inherited)",
					"@executable_path/Frameworks",
					"@loader_path/Frameworks",
				);
				PRODUCT_BUNDLE_IDENTIFIER = "com.data-in-model-out.MusicUITests";
				PRODUCT_NAME = "$(TARGET_NAME)";
				SWIFT_VERSION = 5.0;
				TARGETED_DEVICE_FAMILY = "1,2";
				TEST_TARGET_NAME = Music;
			};
			name = Release;
		};
/* End XCBuildConfiguration section */

/* Begin XCConfigurationList section */
		BDCE01D8265DDAAF00AD3DF5 /* Build configuration list for PBXProject "Music" */ = {
			isa = XCConfigurationList;
			buildConfigurations = (
				BDCE0200265DDAB200AD3DF5 /* Debug */,
				BDCE0201265DDAB200AD3DF5 /* Release */,
			);
			defaultConfigurationIsVisible = 0;
			defaultConfigurationName = Release;
		};
		BDCE0202265DDAB200AD3DF5 /* Build configuration list for PBXNativeTarget "Music" */ = {
			isa = XCConfigurationList;
			buildConfigurations = (
				BDCE0203265DDAB200AD3DF5 /* Debug */,
				BDCE0204265DDAB200AD3DF5 /* Release */,
			);
			defaultConfigurationIsVisible = 0;
			defaultConfigurationName = Release;
		};
		BDCE0205265DDAB200AD3DF5 /* Build configuration list for PBXNativeTarget "MusicTests" */ = {
			isa = XCConfigurationList;
			buildConfigurations = (
				BDCE0206265DDAB200AD3DF5 /* Debug */,
				BDCE0207265DDAB200AD3DF5 /* Release */,
			);
			defaultConfigurationIsVisible = 0;
			defaultConfigurationName = Release;
		};
		BDCE0208265DDAB200AD3DF5 /* Build configuration list for PBXNativeTarget "MusicUITests" */ = {
			isa = XCConfigurationList;
			buildConfigurations = (
				BDCE0209265DDAB200AD3DF5 /* Debug */,
				BDCE020A265DDAB200AD3DF5 /* Release */,
			);
			defaultConfigurationIsVisible = 0;
			defaultConfigurationName = Release;
		};
/* End XCConfigurationList section */
	};
	rootObject = BDCE01D5265DDAAF00AD3DF5 /* Project object */;
}
